
Microsoft Visual Studio Solution File, Format Version 12.00
# Visual Studio 15
VisualStudioVersion = 15.0.28307.168
MinimumVisualStudioVersion = 10.0.40219.1
Project("{9A19103F-16F7-4668-BE54-9A1E7A4F7556}") = "CrimsonDev.Throneteki.Data", "CrimsonDev.Throneteki.Data.csproj", "{55995763-E3CC-495E-877F-2A8C2BEDCC62}"
EndProject
Global
	GlobalSection(SolutionConfigurationPlatforms) = preSolution
		Debug|Any CPU = Debug|Any CPU
		Release|Any CPU = Release|Any CPU
	EndGlobalSection
	GlobalSection(ProjectConfigurationPlatforms) = postSolution
		{55995763-E3CC-495E-877F-2A8C2BEDCC62}.Debug|Any CPU.ActiveCfg = Debug|Any CPU
		{55995763-E3CC-495E-877F-2A8C2BEDCC62}.Debug|Any CPU.Build.0 = Debug|Any CPU
		{55995763-E3CC-495E-877F-2A8C2BEDCC62}.Release|Any CPU.ActiveCfg = Release|Any CPU
		{55995763-E3CC-495E-877F-2A8C2BEDCC62}.Release|Any CPU.Build.0 = Release|Any CPU
	EndGlobalSection
	GlobalSection(SolutionProperties) = preSolution
		HideSolutionNode = FALSE
	EndGlobalSection
	GlobalSection(ExtensibilityGlobals) = postSolution
		SolutionGuid = {CFDDBB7C-BEB0-4B19-845F-44FFDECE05B1}
	EndGlobalSection
EndGlobal
